
Microsoft Visual Studio Solution File, Format Version 12.00
# Visual Studio Version 16
VisualStudioVersion = 16.0.29418.71
MinimumVisualStudioVersion = 10.0.40219.1
Project("{2150E333-8FDC-42A3-9474-1A3956D46DE8}") = "Presentation", "Presentation", "{296CADD8-6B35-4B0C-96FA-8B6CA39B4DA0}"
EndProject
Project("{2150E333-8FDC-42A3-9474-1A3956D46DE8}") = "Domain", "Domain", "{2CAFDAF4-CD58-473B-95ED-D7F27B0BFACF}"
EndProject
Project("{2150E333-8FDC-42A3-9474-1A3956D46DE8}") = "Infra", "Infra", "{70B0ABF9-B803-4EE3-ADE6-C93568823F0E}"
EndProject
Project("{2150E333-8FDC-42A3-9474-1A3956D46DE8}") = "Data", "Data", "{EE677F93-784E-4109-9C19-7331B6EDBE69}"
EndProject
Project("{9A19103F-16F7-4668-BE54-9A1E7A4F7556}") = "OnionArchitecture.Web", "OnionArchitecture.Web\OnionArchitecture.Web.csproj", "{85C63183-7FC4-4455-8CEC-3F43126B0EDE}"
EndProject
Project("{9A19103F-16F7-4668-BE54-9A1E7A4F7556}") = "OnionArchitecture.Domain", "OnionArchitecture.Domain\OnionArchitecture.Domain.csproj", "{7263EF64-8300-4BE2-9ECB-F731F67F8DB1}"
EndProject
Project("{9A19103F-16F7-4668-BE54-9A1E7A4F7556}") = "OnionArchitecture.Infra.Data", "OnionArchitecture.Infra.Data\OnionArchitecture.Infra.Data.csproj", "{E566205E-1F4E-4026-BB08-EDA49249C987}"
EndProject
Project("{2150E333-8FDC-42A3-9474-1A3956D46DE8}") = "Commom", "Commom", "{616F5901-AD30-4AE9-BDF0-2DC4EF03CCC8}"
EndProject
Project("{FAE04EC0-301F-11D3-BF4B-00C04F79EFBC}") = "OnionArchitecture.CrossCutting", "OnionArchitecture.CrossCutting\OnionArchitecture.CrossCutting.csproj", "{AFA602A6-9545-43AA-ACCD-7F6EC24066E4}"
EndProject
Project("{2150E333-8FDC-42A3-9474-1A3956D46DE8}") = "Application", "Application", "{6A0976B0-7154-40D9-8D79-A9618DFAE747}"
EndProject
Project("{FAE04EC0-301F-11D3-BF4B-00C04F79EFBC}") = "OnionArchitecture.Application", "OnionArchitecture.Application\OnionArchitecture.Application.csproj", "{6DBF5702-E1E1-4883-8065-475AF7CA7460}"
EndProject
Project("{2150E333-8FDC-42A3-9474-1A3956D46DE8}") = "File", "File", "{B526F3BC-66F1-4412-BE40-9D3C38057A57}"
EndProject
Project("{2150E333-8FDC-42A3-9474-1A3956D46DE8}") = "CloudService", "CloudService", "{820BB88B-8F19-420B-BADA-0D92A8FDB0BD}"
EndProject
Project("{2150E333-8FDC-42A3-9474-1A3956D46DE8}") = "Test", "Test", "{1F1D8959-FD6F-4F33-A5A6-C77DD8E6DF11}"
EndProject
Global
	GlobalSection(SolutionConfigurationPlatforms) = preSolution
		Debug|Any CPU = Debug|Any CPU
		Release|Any CPU = Release|Any CPU
	EndGlobalSection
	GlobalSection(ProjectConfigurationPlatforms) = postSolution
		{85C63183-7FC4-4455-8CEC-3F43126B0EDE}.Debug|Any CPU.ActiveCfg = Debug|Any CPU
		{85C63183-7FC4-4455-8CEC-3F43126B0EDE}.Debug|Any CPU.Build.0 = Debug|Any CPU
		{85C63183-7FC4-4455-8CEC-3F43126B0EDE}.Release|Any CPU.ActiveCfg = Release|Any CPU
		{85C63183-7FC4-4455-8CEC-3F43126B0EDE}.Release|Any CPU.Build.0 = Release|Any CPU
		{7263EF64-8300-4BE2-9ECB-F731F67F8DB1}.Debug|Any CPU.ActiveCfg = Debug|Any CPU
		{7263EF64-8300-4BE2-9ECB-F731F67F8DB1}.Debug|Any CPU.Build.0 = Debug|Any CPU
		{7263EF64-8300-4BE2-9ECB-F731F67F8DB1}.Release|Any CPU.ActiveCfg = Release|Any CPU
		{7263EF64-8300-4BE2-9ECB-F731F67F8DB1}.Release|Any CPU.Build.0 = Release|Any CPU
		{E566205E-1F4E-4026-BB08-EDA49249C987}.Debug|Any CPU.ActiveCfg = Debug|Any CPU
		{E566205E-1F4E-4026-BB08-EDA49249C987}.Debug|Any CPU.Build.0 = Debug|Any CPU
		{E566205E-1F4E-4026-BB08-EDA49249C987}.Release|Any CPU.ActiveCfg = Release|Any CPU
		{E566205E-1F4E-4026-BB08-EDA49249C987}.Release|Any CPU.Build.0 = Release|Any CPU
		{AFA602A6-9545-43AA-ACCD-7F6EC24066E4}.Debug|Any CPU.ActiveCfg = Debug|Any CPU
		{AFA602A6-9545-43AA-ACCD-7F6EC24066E4}.Debug|Any CPU.Build.0 = Debug|Any CPU
		{AFA602A6-9545-43AA-ACCD-7F6EC24066E4}.Release|Any CPU.ActiveCfg = Release|Any CPU
		{AFA602A6-9545-43AA-ACCD-7F6EC24066E4}.Release|Any CPU.Build.0 = Release|Any CPU
		{6DBF5702-E1E1-4883-8065-475AF7CA7460}.Debug|Any CPU.ActiveCfg = Debug|Any CPU
		{6DBF5702-E1E1-4883-8065-475AF7CA7460}.Debug|Any CPU.Build.0 = Debug|Any CPU
		{6DBF5702-E1E1-4883-8065-475AF7CA7460}.Release|Any CPU.ActiveCfg = Release|Any CPU
		{6DBF5702-E1E1-4883-8065-475AF7CA7460}.Release|Any CPU.Build.0 = Release|Any CPU
	EndGlobalSection
	GlobalSection(SolutionProperties) = preSolution
		HideSolutionNode = FALSE
	EndGlobalSection
	GlobalSection(NestedProjects) = preSolution
		{EE677F93-784E-4109-9C19-7331B6EDBE69} = {70B0ABF9-B803-4EE3-ADE6-C93568823F0E}
		{85C63183-7FC4-4455-8CEC-3F43126B0EDE} = {296CADD8-6B35-4B0C-96FA-8B6CA39B4DA0}
		{7263EF64-8300-4BE2-9ECB-F731F67F8DB1} = {2CAFDAF4-CD58-473B-95ED-D7F27B0BFACF}
		{E566205E-1F4E-4026-BB08-EDA49249C987} = {EE677F93-784E-4109-9C19-7331B6EDBE69}
		{AFA602A6-9545-43AA-ACCD-7F6EC24066E4} = {616F5901-AD30-4AE9-BDF0-2DC4EF03CCC8}
		{6DBF5702-E1E1-4883-8065-475AF7CA7460} = {6A0976B0-7154-40D9-8D79-A9618DFAE747}
		{B526F3BC-66F1-4412-BE40-9D3C38057A57} = {70B0ABF9-B803-4EE3-ADE6-C93568823F0E}
		{820BB88B-8F19-420B-BADA-0D92A8FDB0BD} = {70B0ABF9-B803-4EE3-ADE6-C93568823F0E}
	EndGlobalSection
	GlobalSection(ExtensibilityGlobals) = postSolution
		SolutionGuid = {1F19D781-A3A0-4D5D-8D6A-3BCAB35CED24}
	EndGlobalSection
EndGlobal
